
Microsoft Visual Studio Solution File, Format Version 12.00
# Visual Studio 2013
VisualStudioVersion = 12.0.31101.0
MinimumVisualStudioVersion = 10.0.40219.1
Project("{FAE04EC0-301F-11D3-BF4B-00C04F79EFBC}") = "MouseClicker", "MouseClicker\MouseClicker.csproj", "{D2CC4686-9058-45D6-B746-72030B2AAA79}"
EndProject
Global
	GlobalSection(SolutionConfigurationPlatforms) = preSolution
		Debug|Any CPU = Debug|Any CPU
		Release|Any CPU = Release|Any CPU
	EndGlobalSection
	GlobalSection(ProjectConfigurationPlatforms) = postSolution
		{D2CC4686-9058-45D6-B746-72030B2AAA79}.Debug|Any CPU.ActiveCfg = Debug|Any CPU
		{D2CC4686-9058-45D6-B746-72030B2AAA79}.Debug|Any CPU.Build.0 = Debug|Any CPU
		{D2CC4686-9058-45D6-B746-72030B2AAA79}.Release|Any CPU.ActiveCfg = Release|Any CPU
		{D2CC4686-9058-45D6-B746-72030B2AAA79}.Release|Any CPU.Build.0 = Release|Any CPU
	EndGlobalSection
	GlobalSection(SolutionProperties) = preSolution
		HideSolutionNode = FALSE
	EndGlobalSection
EndGlobal
